
Microsoft Visual Studio Solution File, Format Version 12.00
# Visual Studio Version 17
VisualStudioVersion = 17.9.34616.47
MinimumVisualStudioVersion = 10.0.40219.1
Project("{FAE04EC0-301F-11D3-BF4B-00C04F79EFBC}") = "MVCApp", "MVCApp\MVCApp.csproj", "{47165FD0-F788-4F4D-86CE-2A1490620CDC}"
EndProject
Global
	GlobalSection(SolutionConfigurationPlatforms) = preSolution
		Debug|Any CPU = Debug|Any CPU
		Release|Any CPU = Release|Any CPU
	EndGlobalSection
	GlobalSection(ProjectConfigurationPlatforms) = postSolution
		{47165FD0-F788-4F4D-86CE-2A1490620CDC}.Debug|Any CPU.ActiveCfg = Debug|Any CPU
		{47165FD0-F788-4F4D-86CE-2A1490620CDC}.Debug|Any CPU.Build.0 = Debug|Any CPU
		{47165FD0-F788-4F4D-86CE-2A1490620CDC}.Release|Any CPU.ActiveCfg = Release|Any CPU
		{47165FD0-F788-4F4D-86CE-2A1490620CDC}.Release|Any CPU.Build.0 = Release|Any CPU
	EndGlobalSection
	GlobalSection(SolutionProperties) = preSolution
		HideSolutionNode = FALSE
	EndGlobalSection
	GlobalSection(ExtensibilityGlobals) = postSolution
		SolutionGuid = {3E7CC128-C3DD-4099-87E2-7FB1F7A95769}
	EndGlobalSection
EndGlobal
